
Microsoft Visual Studio Solution File, Format Version 12.00
# Visual Studio Version 17
VisualStudioVersion = 17.11.35208.52
MinimumVisualStudioVersion = 10.0.40219.1
Project("{FAE04EC0-301F-11D3-BF4B-00C04F79EFBC}") = "WhileLoops", "WhileLoops.csproj", "{AABB5D49-7413-418A-B346-B52BD4688AE2}"
EndProject
Global
	GlobalSection(SolutionConfigurationPlatforms) = preSolution
		Debug|Any CPU = Debug|Any CPU
		Release|Any CPU = Release|Any CPU
	EndGlobalSection
	GlobalSection(ProjectConfigurationPlatforms) = postSolution
		{AABB5D49-7413-418A-B346-B52BD4688AE2}.Debug|Any CPU.ActiveCfg = Debug|Any CPU
		{AABB5D49-7413-418A-B346-B52BD4688AE2}.Debug|Any CPU.Build.0 = Debug|Any CPU
		{AABB5D49-7413-418A-B346-B52BD4688AE2}.Release|Any CPU.ActiveCfg = Release|Any CPU
		{AABB5D49-7413-418A-B346-B52BD4688AE2}.Release|Any CPU.Build.0 = Release|Any CPU
	EndGlobalSection
	GlobalSection(SolutionProperties) = preSolution
		HideSolutionNode = FALSE
	EndGlobalSection
	GlobalSection(ExtensibilityGlobals) = postSolution
		SolutionGuid = {B8046244-CDC2-49C1-9077-85001CC121E7}
	EndGlobalSection
EndGlobal
